PODS:
  - audioplayers_darwin (0.0.1):
    - Flutter
  - cloud_firestore (4.17.3):
    - Firebase/Firestore (= 10.25.0)
    - firebase_core
    - Flutter
  - CryptoSwift (1.8.2)
  - DKImagePickerController/Core (4.3.9):
    - DKImagePickerController/ImageDataManager
    - DKImagePickerController/Resource
  - DKImagePickerController/ImageDataManager (4.3.9)
  - DKImagePickerController/PhotoGallery (4.3.9):
    - DKImagePickerController/Core
    - DKPhotoGallery
  - DKImagePickerController/Resource (4.3.9)
  - DKPhotoGallery (0.0.19):
    - DKPhotoGallery/Core (= 0.0.19)
    - DKPhotoGallery/Model (= 0.0.19)
    - DKPhotoGallery/Preview (= 0.0.19)
    - DKPhotoGallery/Resource (= 0.0.19)
    - SDWebImage
    - SwiftyGif
  - DKPhotoGallery/Core (0.0.19):
    - DKPhotoGallery/Model
    - DKPhotoGallery/Preview
    - SDWebImage
    - SwiftyGif
  - DKPhotoGallery/Model (0.0.19):
    - SDWebImage
    - SwiftyGif
  - DKPhotoGallery/Preview (0.0.19):
    - DKPhotoGallery/Model
    - DKPhotoGallery/Resource
    - SDWebImage
    - SwiftyGif
  - DKPhotoGallery/Resource (0.0.19):
    - SDWebImage
    - SwiftyGif
  - file_picker (0.0.1):
    - DKImagePickerController/PhotoGallery
    - Flutter
  - Firebase/Auth (10.25.0):
    - Firebase/CoreOnly
    - FirebaseAuth (~> 10.25.0)
  - Firebase/CoreOnly (10.25.0):
    - FirebaseCore (= 10.25.0)
  - Firebase/Firestore (10.25.0):
    - Firebase/CoreOnly
    - FirebaseFirestore (~> 10.25.0)
  - Firebase/Messaging (10.25.0):
    - Firebase/CoreOnly
    - FirebaseMessaging (~> 10.25.0)
  - firebase_auth (4.19.5):
    - Firebase/Auth (= 10.25.0)
    - firebase_core
    - Flutter
  - firebase_core (2.31.0):
    - Firebase/CoreOnly (= 10.25.0)
    - Flutter
  - firebase_messaging (14.9.2):
    - Firebase/Messaging (= 10.25.0)
    - firebase_core
    - Flutter
  - FirebaseAppCheckInterop (10.25.0)
  - FirebaseAuth (10.25.0):
    - FirebaseAppCheckInterop (~> 10.17)
    - FirebaseCore (~> 10.0)
    - GoogleUtilities/AppDelegateSwizzler (~> 7.8)
    - GoogleUtilities/Environment (~> 7.8)
    - GTMSessionFetcher/Core (< 4.0, >= 2.1)
    - RecaptchaInterop (~> 100.0)
  - FirebaseCore (10.25.0):
    - FirebaseCoreInternal (~> 10.0)
    - GoogleUtilities/Environment (~> 7.12)
    - GoogleUtilities/Logger (~> 7.12)
  - FirebaseCoreExtension (10.25.0):
    - FirebaseCore (~> 10.0)
  - FirebaseCoreInternal (10.25.0):
    - "GoogleUtilities/NSData+zlib (~> 7.8)"
  - FirebaseFirestore (10.25.0):
    - FirebaseFirestoreBinary (= 10.25.0)
  - FirebaseFirestoreAbseilBinary (1.2024011601.0)
  - FirebaseFirestoreBinary (10.25.0):
    - FirebaseCore (= 10.25.0)
    - FirebaseCoreExtension (= 10.25.0)
    - FirebaseFirestoreInternalBinary (= 10.25.0)
    - FirebaseSharedSwift (= 10.25.0)
  - FirebaseFirestoreGRPCBoringSSLBinary (1.62.1)
  - FirebaseFirestoreGRPCCoreBinary (1.62.1):
    - FirebaseFirestoreAbseilBinary (= 1.2024011601.0)
    - FirebaseFirestoreGRPCBoringSSLBinary (= 1.62.1)
  - FirebaseFirestoreGRPCCPPBinary (1.62.1):
    - FirebaseFirestoreAbseilBinary (= 1.2024011601.0)
    - FirebaseFirestoreGRPCCoreBinary (= 1.62.1)
  - FirebaseFirestoreInternalBinary (10.25.0):
    - FirebaseCore (= 10.25.0)
    - FirebaseFirestoreAbseilBinary (= 1.2024011601.0)
    - FirebaseFirestoreGRPCCPPBinary (= 1.62.1)
    - leveldb-library (~> 1.22)
    - nanopb (< 2.30911.0, >= 2.30908.0)
  - FirebaseInstallations (10.25.0):
    - FirebaseCore (~> 10.0)
    - GoogleUtilities/Environment (~> 7.8)
    - GoogleUtilities/UserDefaults (~> 7.8)
    - PromisesObjC (~> 2.1)
  - FirebaseMessaging (10.25.0):
    - FirebaseCore (~> 10.0)
    - FirebaseInstallations (~> 10.0)
    - GoogleDataTransport (~> 9.3)
    - GoogleUtilities/AppDelegateSwizzler (~> 7.8)
    - GoogleUtilities/Environment (~> 7.8)
    - GoogleUtilities/Reachability (~> 7.8)
    - GoogleUtilities/UserDefaults (~> 7.8)
    - nanopb (< 2.30911.0, >= 2.30908.0)
  - FirebaseSharedSwift (10.25.0)
  - Flutter (1.0.0)
  - flutter_callkit_incoming_yoer (0.0.1):
    - CryptoSwift
    - Flutter
  - flutter_credit_card (0.0.1):
    - Flutter
  - flutter_logs (0.0.1):
    - Flutter
    - ZIPFoundation
  - flutter_vibrate (0.0.1):
    - Flutter
  - geocoding_ios (1.0.5):
    - Flutter
  - geolocator_apple (1.2.0):
    - Flutter
  - google_maps_flutter_ios (0.0.1):
    - Flutter
    - GoogleMaps (< 9.0, >= 8.4)
  - GoogleDataTransport (9.4.1):
    - GoogleUtilities/Environment (~> 7.7)
    - nanopb (< 2.30911.0, >= 2.30908.0)
    - PromisesObjC (< 3.0, >= 1.2)
  - GoogleMaps (8.4.0):
    - GoogleMaps/Maps (= 8.4.0)
  - GoogleMaps/Base (8.4.0)
  - GoogleMaps/Maps (8.4.0):
    - GoogleMaps/Base
  - GoogleUtilities/AppDelegateSwizzler (7.13.3):
    - GoogleUtilities/Environment
    - GoogleUtilities/Logger
    - GoogleUtilities/Network
    - GoogleUtilities/Privacy
  - GoogleUtilities/Environment (7.13.3):
    - GoogleUtilities/Privacy
    - PromisesObjC (< 3.0, >= 1.2)
  - GoogleUtilities/Logger (7.13.3):
    - GoogleUtilities/Environment
    - GoogleUtilities/Privacy
  - GoogleUtilities/Network (7.13.3):
    - GoogleUtilities/Logger
    - "GoogleUtilities/NSData+zlib"
    - GoogleUtilities/Privacy
    - GoogleUtilities/Reachability
  - "GoogleUtilities/NSData+zlib (7.13.3)":
    - GoogleUtilities/Privacy
  - GoogleUtilities/Privacy (7.13.3)
  - GoogleUtilities/Reachability (7.13.3):
    - GoogleUtilities/Logger
    - GoogleUtilities/Privacy
  - GoogleUtilities/UserDefaults (7.13.3):
    - GoogleUtilities/Logger
    - GoogleUtilities/Privacy
  - GTMSessionFetcher/Core (3.4.1)
  - is_lock_screen2 (2.0.1):
    - Flutter
  - leveldb-library (1.22.5)
  - nanopb (2.30910.0):
    - nanopb/decode (= 2.30910.0)
    - nanopb/encode (= 2.30910.0)
  - nanopb/decode (2.30910.0)
  - nanopb/encode (2.30910.0)
  - native_device_orientation (0.0.1):
    - Flutter
  - package_info_plus (0.4.5):
    - Flutter
  - path_provider_foundation (0.0.1):
    - Flutter
    - FlutterMacOS
  - permission_handler_apple (9.3.0):
    - Flutter
  - PromisesObjC (2.4.0)
  - RecaptchaInterop (100.0.0)
  - SDWebImage (5.19.2):
    - SDWebImage/Core (= 5.19.2)
  - SDWebImage/Core (5.19.2)
  - shared_preferences_foundation (0.0.1):
    - Flutter
    - FlutterMacOS
  - sqflite (0.0.3):
    - Flutter
    - FlutterMacOS
  - SwiftyGif (5.4.5)
  - url_launcher_ios (0.0.1):
    - Flutter
  - video_player_avfoundation (0.0.1):
    - Flutter
    - FlutterMacOS
  - wakelock_plus (0.0.1):
    - Flutter
  - zego_callkit (1.0.0):
    - Flutter
  - "zego_express_engine (3.14.5+2)":
    - Flutter
  - zego_uikit (0.0.1):
    - Flutter
  - zego_uikit_prebuilt_call (0.0.1):
    - Flutter
  - zego_uikit_signaling_plugin (0.0.1):
    - Flutter
  - zego_zim (2.13.1):
    - Flutter
    - ZIM (= 2.13.1)
  - zego_zpns (2.6.0):
    - Flutter
    - ZPNs (= 2.6.0)
  - ZIM (2.13.1)
  - ZIPFoundation (0.9.19)
  - ZPNs (2.6.0)

DEPENDENCIES:
  - audioplayers_darwin (from `.symlinks/plugins/audioplayers_darwin/ios`)
  - cloud_firestore (from `.symlinks/plugins/cloud_firestore/ios`)
  - file_picker (from `.symlinks/plugins/file_picker/ios`)
  - firebase_auth (from `.symlinks/plugins/firebase_auth/ios`)
  - firebase_core (from `.symlinks/plugins/firebase_core/ios`)
  - firebase_messaging (from `.symlinks/plugins/firebase_messaging/ios`)
  - FirebaseFirestore (from `https://github.com/invertase/firestore-ios-sdk-frameworks.git`, tag `10.25.0`)
  - Flutter (from `Flutter`)
  - flutter_callkit_incoming_yoer (from `.symlinks/plugins/flutter_callkit_incoming_yoer/ios`)
  - flutter_credit_card (from `.symlinks/plugins/flutter_credit_card/ios`)
  - flutter_logs (from `.symlinks/plugins/flutter_logs/ios`)
  - flutter_vibrate (from `.symlinks/plugins/flutter_vibrate/ios`)
  - geocoding_ios (from `.symlinks/plugins/geocoding_ios/ios`)
  - geolocator_apple (from `.symlinks/plugins/geolocator_apple/ios`)
  - google_maps_flutter_ios (from `.symlinks/plugins/google_maps_flutter_ios/ios`)
  - is_lock_screen2 (from `.symlinks/plugins/is_lock_screen2/ios`)
  - native_device_orientation (from `.symlinks/plugins/native_device_orientation/ios`)
  - package_info_plus (from `.symlinks/plugins/package_info_plus/ios`)
  - path_provider_foundation (from `.symlinks/plugins/path_provider_foundation/darwin`)
  - permission_handler_apple (from `.symlinks/plugins/permission_handler_apple/ios`)
  - shared_preferences_foundation (from `.symlinks/plugins/shared_preferences_foundation/darwin`)
  - sqflite (from `.symlinks/plugins/sqflite/darwin`)
  - url_launcher_ios (from `.symlinks/plugins/url_launcher_ios/ios`)
  - video_player_avfoundation (from `.symlinks/plugins/video_player_avfoundation/darwin`)
  - wakelock_plus (from `.symlinks/plugins/wakelock_plus/ios`)
  - zego_callkit (from `.symlinks/plugins/zego_callkit/ios`)
  - zego_express_engine (from `.symlinks/plugins/zego_express_engine/ios`)
  - zego_uikit (from `.symlinks/plugins/zego_uikit/ios`)
  - zego_uikit_prebuilt_call (from `.symlinks/plugins/zego_uikit_prebuilt_call/ios`)
  - zego_uikit_signaling_plugin (from `.symlinks/plugins/zego_uikit_signaling_plugin/ios`)
  - zego_zim (from `.symlinks/plugins/zego_zim/ios`)
  - zego_zpns (from `.symlinks/plugins/zego_zpns/ios`)

SPEC REPOS:
  trunk:
    - CryptoSwift
    - DKImagePickerController
    - DKPhotoGallery
    - Firebase
    - FirebaseAppCheckInterop
    - FirebaseAuth
    - FirebaseCore
    - FirebaseCoreExtension
    - FirebaseCoreInternal
    - FirebaseFirestoreAbseilBinary
    - FirebaseFirestoreBinary
    - FirebaseFirestoreGRPCBoringSSLBinary
    - FirebaseFirestoreGRPCCoreBinary
    - FirebaseFirestoreGRPCCPPBinary
    - FirebaseFirestoreInternalBinary
    - FirebaseInstallations
    - FirebaseMessaging
    - FirebaseSharedSwift
    - GoogleDataTransport
    - GoogleMaps
    - GoogleUtilities
    - GTMSessionFetcher
    - leveldb-library
    - nanopb
    - PromisesObjC
    - RecaptchaInterop
    - SDWebImage
    - SwiftyGif
    - ZIM
    - ZIPFoundation
    - ZPNs

EXTERNAL SOURCES:
  audioplayers_darwin:
    :path: ".symlinks/plugins/audioplayers_darwin/ios"
  cloud_firestore:
    :path: ".symlinks/plugins/cloud_firestore/ios"
  file_picker:
    :path: ".symlinks/plugins/file_picker/ios"
  firebase_auth:
    :path: ".symlinks/plugins/firebase_auth/ios"
  firebase_core:
    :path: ".symlinks/plugins/firebase_core/ios"
  firebase_messaging:
    :path: ".symlinks/plugins/firebase_messaging/ios"
  FirebaseFirestore:
    :git: https://github.com/invertase/firestore-ios-sdk-frameworks.git
    :tag: 10.25.0
  Flutter:
    :path: Flutter
  flutter_callkit_incoming_yoer:
    :path: ".symlinks/plugins/flutter_callkit_incoming_yoer/ios"
  flutter_credit_card:
    :path: ".symlinks/plugins/flutter_credit_card/ios"
  flutter_logs:
    :path: ".symlinks/plugins/flutter_logs/ios"
  flutter_vibrate:
    :path: ".symlinks/plugins/flutter_vibrate/ios"
  geocoding_ios:
    :path: ".symlinks/plugins/geocoding_ios/ios"
  geolocator_apple:
    :path: ".symlinks/plugins/geolocator_apple/ios"
  google_maps_flutter_ios:
    :path: ".symlinks/plugins/google_maps_flutter_ios/ios"
  is_lock_screen2:
    :path: ".symlinks/plugins/is_lock_screen2/ios"
  native_device_orientation:
    :path: ".symlinks/plugins/native_device_orientation/ios"
  package_info_plus:
    :path: ".symlinks/plugins/package_info_plus/ios"
  path_provider_foundation:
    :path: ".symlinks/plugins/path_provider_foundation/darwin"
  permission_handler_apple:
    :path: ".symlinks/plugins/permission_handler_apple/ios"
  shared_preferences_foundation:
    :path: ".symlinks/plugins/shared_preferences_foundation/darwin"
  sqflite:
    :path: ".symlinks/plugins/sqflite/darwin"
  url_launcher_ios:
    :path: ".symlinks/plugins/url_launcher_ios/ios"
  video_player_avfoundation:
    :path: ".symlinks/plugins/video_player_avfoundation/darwin"
  wakelock_plus:
    :path: ".symlinks/plugins/wakelock_plus/ios"
  zego_callkit:
    :path: ".symlinks/plugins/zego_callkit/ios"
  zego_express_engine:
    :path: ".symlinks/plugins/zego_express_engine/ios"
  zego_uikit:
    :path: ".symlinks/plugins/zego_uikit/ios"
  zego_uikit_prebuilt_call:
    :path: ".symlinks/plugins/zego_uikit_prebuilt_call/ios"
  zego_uikit_signaling_plugin:
    :path: ".symlinks/plugins/zego_uikit_signaling_plugin/ios"
  zego_zim:
    :path: ".symlinks/plugins/zego_zim/ios"
  zego_zpns:
    :path: ".symlinks/plugins/zego_zpns/ios"

CHECKOUT OPTIONS:
  FirebaseFirestore:
    :git: https://github.com/invertase/firestore-ios-sdk-frameworks.git
    :tag: 10.25.0

SPEC CHECKSUMS:
  audioplayers_darwin: 877d9a4d06331c5c374595e46e16453ac7eafa40
  cloud_firestore: 792f773e5e8c080ffcbadd49f9fb397927f29af6
  CryptoSwift: c63a805d8bb5e5538e88af4e44bb537776af11ea
  DKImagePickerController: 946cec48c7873164274ecc4624d19e3da4c1ef3c
  DKPhotoGallery: b3834fecb755ee09a593d7c9e389d8b5d6deed60
  file_picker: 15fd9539e4eb735dc54bae8c0534a7a9511a03de
  Firebase: 0312a2352584f782ea56f66d91606891d4607f06
  firebase_auth: 76ea642e91a9e914b3af751a416046ce1a965cf4
  firebase_core: 0b39f4f424e02eecabb2356ddf331fa07b772af8
  firebase_messaging: 8999827b6efc9c3ab4b1f9dc246deaa7f13dbf88
  FirebaseAppCheckInterop: 5da5ce93e8797a215e3f677fb0654b74e736c8b8
  FirebaseAuth: c0f93dcc570c9da2bffb576969d793e95c344fbb
  FirebaseCore: 7ec4d0484817f12c3373955bc87762d96842d483
  FirebaseCoreExtension: 8a47811d0b155501559ef05d089518152a0a1677
  FirebaseCoreInternal: 910a81992c33715fec9263ca7381d59ab3a750b7
  FirebaseFirestore: d30223cc084fb1ea2d7aee742eea5392beaf3edd
  FirebaseFirestoreAbseilBinary: bd0451946879e0e01327c8efc35896bb273009c4
  FirebaseFirestoreBinary: bfcacce21af5109ab56bef3d41b4235b98b22861
  FirebaseFirestoreGRPCBoringSSLBinary: c3007e61593e4583ec3bb8b34ce654663663b690
  FirebaseFirestoreGRPCCoreBinary: 1243fc6604a52912694635f891916976924931ed
  FirebaseFirestoreGRPCCPPBinary: e447b3a7c060c0abfc4e2c9f6fb53bf7635ded66
  FirebaseFirestoreInternalBinary: 64bdfce9f9f44f131e47694b6287fce0f6f26019
  FirebaseInstallations: 91950fe859846fff0fbd296180909dd273103b09
  FirebaseMessaging: 88950ba9485052891ebe26f6c43a52bb62248952
  FirebaseSharedSwift: 0274086954b1b2d5fd7e829eccc587044d72a4ba
  Flutter: e0871f40cf51350855a761d2e70bf5af5b9b5de7
  flutter_callkit_incoming_yoer: a5936b9f065762a7b422594028d3a20901c88996
  flutter_credit_card: 48fb35065294868bc6a3e7f18a42f28929b84f48
  flutter_logs: 5d0dca26963e0f30b11a995a764744ef77d5d428
  flutter_vibrate: 9f4c2ab57008965f78969472367c329dd77eb801
  geocoding_ios: d7460f56e80e118d57678efe5c2cdc888739ff18
  geolocator_apple: 6cbaf322953988e009e5ecb481f07efece75c450
  google_maps_flutter_ios: c454f18e0e22df6ac0e9f2a4df340858f5a3680c
  GoogleDataTransport: 6c09b596d841063d76d4288cc2d2f42cc36e1e2a
  GoogleMaps: 8939898920281c649150e0af74aa291c60f2e77d
  GoogleUtilities: ea963c370a38a8069cc5f7ba4ca849a60b6d7d15
  GTMSessionFetcher: 8000756fc1c19d2e5697b90311f7832d2e33f6cd
  is_lock_screen2: 2bc16ada7d49434ba1a2b24f09aa49a87b154e79
  leveldb-library: e8eadf9008a61f9e1dde3978c086d2b6d9b9dc28
  nanopb: 438bc412db1928dac798aa6fd75726007be04262
  native_device_orientation: 3b4cfc9565a7b879cc4fde282b3e27745e852d0d
  package_info_plus: 58f0028419748fad15bf008b270aaa8e54380b1c
  path_provider_foundation: 2b6b4c569c0fb62ec74538f866245ac84301af46
  permission_handler_apple: 9878588469a2b0d0fc1e048d9f43605f92e6cec2
  PromisesObjC: f5707f49cb48b9636751c5b2e7d227e43fba9f47
  RecaptchaInterop: 7d1a4a01a6b2cb1610a47ef3f85f0c411434cb21
  SDWebImage: dfe95b2466a9823cf9f0c6d01217c06550d7b29a
  shared_preferences_foundation: fcdcbc04712aee1108ac7fda236f363274528f78
  sqflite: 673a0e54cc04b7d6dba8d24fb8095b31c3a99eec
  SwiftyGif: 706c60cf65fa2bc5ee0313beece843c8eb8194d4
  url_launcher_ios: 5334b05cef931de560670eeae103fd3e431ac3fe
  video_player_avfoundation: 7c6c11d8470e1675df7397027218274b6d2360b3
  wakelock_plus: 78ec7c5b202cab7761af8e2b2b3d0671be6c4ae1
  zego_callkit: 72593f46ed01779c4cee6bc65d2e0e1cde86b42c
  zego_express_engine: c24169f4a0de0233922f4062c60dfc3a8495ed39
  zego_uikit: 596cd6edd0e5162a9a1d1f7fec5a79fa8899fb7b
  zego_uikit_prebuilt_call: 13173d7a3c6dcc1695cbdff15d19463acd1ca39c
  zego_uikit_signaling_plugin: 7fdfcd9f796b591c9cb8770609f4fa85178aa40e
  zego_zim: 3c1f75261a04903702b618564ae438d911c64228
  zego_zpns: 282d9f9926ea5dff87efbafae8cf33fdada41f4f
  ZIM: c146d4e52574e10cea06965bdc98d394421a701d
  ZIPFoundation: b8c29ea7ae353b309bc810586181fd073cb3312c
  ZPNs: 73bad0046a74e37315201053f9a0e7ac625d9436

PODFILE CHECKSUM: efcdc7efdb18973cc1d69898cc7c9f6c9509e1a8

COCOAPODS: 1.15.2
